// !$*UTF8*$!
{
	archiveVersion = 1;
	classes = {
	};
	objectVersion = 46;
	objects = {

/* Begin PBXBuildFile section */
		F28CCD461C107874007426A5 /* main.m in Sources */ = {isa = PBXBuildFile; fileRef = F28CCD451C107874007426A5 /* main.m */; };
		F28CCD501C107E57007426A5 /* Person.m in Sources */ = {isa = PBXBuildFile; fileRef = F28CCD4F1C107E57007426A5 /* Person.m */; };
		F28CCD561C108939007426A5 /* GirlFriend.m in Sources */ = {isa = PBXBuildFile; fileRef = F28CCD551C108939007426A5 /* GirlFriend.m */; };
/* End PBXBuildFile section */

/* Begin PBXCopyFilesBuildPhase section */
		F28CCD401C107874007426A5 /* CopyFiles */ = {
			isa = PBXCopyFilesBuildPhase;
			buildActionMask = 2147483647;
			dstPath = /usr/share/man/man1/;
			dstSubfolderSpec = 0;
			files = (
			);
			runOnlyForDeploymentPostprocessing = 1;
		};
/* End PBXCopyFilesBuildPhase section */

/* Begin PBXFileReference section */
		F28CCD421C107874007426A5 /* lesson-test-oc */ = {isa = PBXFileReference; explicitFileType = "compiled.mach-o.executable"; includeInIndex = 0; path = "lesson-test-oc"; sourceTree = BUILT_PRODUCTS_DIR; };
		F28CCD451C107874007426A5 /* main.m */ = {isa = PBXFileReference; lastKnownFileType = sourcecode.c.objc; path = main.m; sourceTree = "<group>"; };
		F28CCD4E1C107E57007426A5 /* Person.h */ = {isa = PBXFileReference; fileEncoding = 4; lastKnownFileType = sourcecode.c.h; name = Person.h; path = ../Person.h; sourceTree = "<group>"; };
		F28CCD4F1C107E57007426A5 /* Person.m */ = {isa = PBXFileReference; fileEncoding = 4; lastKnownFileType = sourcecode.c.objc; name = Person.m; path = ../Person.m; sourceTree = "<group>"; };
		F28CCD541C108939007426A5 /* GirlFriend.h */ = {isa = PBXFileReference; fileEncoding = 4; lastKnownFileType = sourcecode.c.h; path = GirlFriend.h; sourceTree = "<group>"; };
		F28CCD551C108939007426A5 /* GirlFriend.m */ = {isa = PBXFileReference; fileEncoding = 4; lastKnownFileType = sourcecode.c.objc; path = GirlFriend.m; sourceTree = "<group>"; };
/* End PBXFileReference section */

/* Begin PBXFrameworksBuildPhase section */
		F28CCD3F1C107874007426A5 /* Frameworks */ = {
			isa = PBXFrameworksBuildPhase;
			buildActionMask = 2147483647;
			files = (
			);
			runOnlyForDeploymentPostprocessing = 0;
		};
/* End PBXFrameworksBuildPhase section */

/* Begin PBXGroup section */
		F28CCD391C107874007426A5 = {
			isa = PBXGroup;
			children = (
				F28CCD441C107874007426A5 /* lesson-test-oc */,
			);
			sourceTree = "<group>";
		};
		F28CCD431C107874007426A5 /* Products */ = {
			isa = PBXGroup;
			children = (
				F28CCD421C107874007426A5 /* lesson-test-oc */,
			);
			name = Products;
			path = ..;
			sourceTree = "<group>";
		};
		F28CCD441C107874007426A5 /* lesson-test-oc */ = {
			isa = PBXGroup;
			children = (
				F28CCD541C108939007426A5 /* GirlFriend.h */,
				F28CCD551C108939007426A5 /* GirlFriend.m */,
				F28CCD4E1C107E57007426A5 /* Person.h */,
				F28CCD4F1C107E57007426A5 /* Person.m */,
				F28CCD431C107874007426A5 /* Products */,
				F28CCD451C107874007426A5 /* main.m */,
			);
			path = "lesson-test-oc";
			sourceTree = "<group>";
		};
/* End PBXGroup section */

/* Begin PBXNativeTarget section */
		F28CCD411C107874007426A5 /* lesson-test-oc */ = {
			isa = PBXNativeTarget;
			buildConfigurationList = F28CCD491C107874007426A5 /* Build configuration list for PBXNativeTarget "lesson-test-oc" */;
			buildPhases = (
				F28CCD3E1C107874007426A5 /* Sources */,
				F28CCD3F1C107874007426A5 /* Frameworks */,
				F28CCD401C107874007426A5 /* CopyFiles */,
			);
			buildRules = (
			);
			dependencies = (
			);
			name = "lesson-test-oc";
			productName = "lesson-test-oc";
			productReference = F28CCD421C107874007426A5 /* lesson-test-oc */;
			productType = "com.apple.product-type.tool";
		};
/* End PBXNativeTarget section */

/* Begin PBXProject section */
		F28CCD3A1C107874007426A5 /* Project object */ = {
			isa = PBXProject;
			attributes = {
				LastUpgradeCheck = 0710;
				ORGANIZATIONNAME = "李展";
				TargetAttributes = {
					F28CCD411C107874007426A5 = {
						CreatedOnToolsVersion = 7.1;
					};
				};
			};
			buildConfigurationList = F28CCD3D1C107874007426A5 /* Build configuration list for PBXProject "lesson-test-oc" */;
			compatibilityVersion = "Xcode 3.2";
			developmentRegion = English;
			hasScannedForEncodings = 0;
			knownRegions = (
				en,
			);
			mainGroup = F28CCD391C107874007426A5;
			productRefGroup = F28CCD431C107874007426A5 /* Products */;
			projectDirPath = "";
			projectRoot = "";
			targets = (
				F28CCD411C107874007426A5 /* lesson-test-oc */,
			);
		};
/* End PBXProject section */

/* Begin PBXSourcesBuildPhase section */
		F28CCD3E1C107874007426A5 /* Sources */ = {
			isa = PBXSourcesBuildPhase;
			buildActionMask = 2147483647;
			files = (
				F28CCD501C107E57007426A5 /* Person.m in Sources */,
				F28CCD461C107874007426A5 /* main.m in Sources */,
				F28CCD561C108939007426A5 /* GirlFriend.m in Sources */,
			);
			runOnlyForDeploymentPostprocessing = 0;
		};
/* End PBXSourcesBuildPhase section */

/* Begin XCBuildConfiguration section */
		F28CCD471C107874007426A5 /* Debug */ = {
			isa = XCBuildConfiguration;
			buildSettings = {
				ALWAYS_SEARCH_USER_PATHS = NO;
				CLANG_CXX_LANGUAGE_STANDARD = "gnu++0x";
				CLANG_CXX_LIBRARY = "libc++";
				CLANG_ENABLE_MODULES = YES;
				CLANG_ENABLE_OBJC_ARC = YES;
				CLANG_WARN_BOOL_CONVERSION = YES;
				CLANG_WARN_CONSTANT_CONVERSION = YES;
				CLANG_WARN_DIRECT_OBJC_ISA_USAGE = YES_ERROR;
				CLANG_WARN_EMPTY_BODY = YES;
				CLANG_WARN_ENUM_CONVERSION = YES;
				CLANG_WARN_INT_CONVERSION = YES;
				CLANG_WARN_OBJC_ROOT_CLASS = YES_ERROR;
				CLANG_WARN_UNREACHABLE_CODE = YES;
				CLANG_WARN__DUPLICATE_METHOD_MATCH = YES;
				CODE_SIGN_IDENTITY = "-";
				COPY_PHASE_STRIP = NO;
				DEBUG_INFORMATION_FORMAT = dwarf;
				ENABLE_STRICT_OBJC_MSGSEND = YES;
				ENABLE_TESTABILITY = YES;
				GCC_C_LANGUAGE_STANDARD = gnu99;
				GCC_DYNAMIC_NO_PIC = NO;
				GCC_NO_COMMON_BLOCKS = YES;
				GCC_OPTIMIZATION_LEVEL = 0;
				GCC_PREPROCESSOR_DEFINITIONS = (
					"DEBUG=1",
					"$(inherited)",
				);
				GCC_WARN_64_TO_32_BIT_CONVERSION = YES;
				GCC_WARN_ABOUT_RETURN_TYPE = YES_ERROR;
				GCC_WARN_UNDECLARED_SELECTOR = YES;
				GCC_WARN_UNINITIALIZED_AUTOS = YES_AGGRESSIVE;
				GCC_WARN_UNUSED_FUNCTION = YES;
				GCC_WARN_UNUSED_VARIABLE = YES;
				MACOSX_DEPLOYMENT_TARGET = 10.11;
				MTL_ENABLE_DEBUG_INFO = YES;
				ONLY_ACTIVE_ARCH = YES;
				SDKROOT = macosx;
			};
			name = Debug;
		};
		F28CCD481C107874007426A5 /* Release */ = {
			isa = XCBuildConfiguration;
			buildSettings = {
				ALWAYS_SEARCH_USER_PATHS = NO;
				CLANG_CXX_LANGUAGE_STANDARD = "gnu++0x";
				CLANG_CXX_LIBRARY = "libc++";
				CLANG_ENABLE_MODULES = YES;
				CLANG_ENABLE_OBJC_ARC = YES;
				CLANG_WARN_BOOL_CONVERSION = YES;
				CLANG_WARN_CONSTANT_CONVERSION = YES;
				CLANG_WARN_DIRECT_OBJC_ISA_USAGE = YES_ERROR;
				CLANG_WARN_EMPTY_BODY = YES;
				CLANG_WARN_ENUM_CONVERSION = YES;
				CLANG_WARN_INT_CONVERSION = YES;
				CLANG_WARN_OBJC_ROOT_CLASS = YES_ERROR;
				CLANG_WARN_UNREACHABLE_CODE = YES;
				CLANG_WARN__DUPLICATE_METHOD_MATCH = YES;
				CODE_SIGN_IDENTITY = "-";
				COPY_PHASE_STRIP = NO;
				DEBUG_INFORMATION_FORMAT = "dwarf-with-dsym";
				ENABLE_NS_ASSERTIONS = NO;
				ENABLE_STRICT_OBJC_MSGSEND = YES;
				GCC_C_LANGUAGE_STANDARD = gnu99;
				GCC_NO_COMMON_BLOCKS = YES;
				GCC_WARN_64_TO_32_BIT_CONVERSION = YES;
				GCC_WARN_ABOUT_RETURN_TYPE = YES_ERROR;
				GCC_WARN_UNDECLARED_SELECTOR = YES;
				GCC_WARN_UNINITIALIZED_AUTOS = YES_AGGRESSIVE;
				GCC_WARN_UNUSED_FUNCTION = YES;
				GCC_WARN_UNUSED_VARIABLE = YES;
				MACOSX_DEPLOYMENT_TARGET = 10.11;
				MTL_ENABLE_DEBUG_INFO = NO;
				SDKROOT = macosx;
			};
			name = Release;
		};
		F28CCD4A1C107874007426A5 /* Debug */ = {
			isa = XCBuildConfiguration;
			buildSettings = {
				PRODUCT_NAME = "$(TARGET_NAME)";
			};
			name = Debug;
		};
		F28CCD4B1C107874007426A5 /* Release */ = {
			isa = XCBuildConfiguration;
			buildSettings = {
				PRODUCT_NAME = "$(TARGET_NAME)";
			};
			name = Release;
		};
/* End XCBuildConfiguration section */

/* Begin XCConfigurationList section */
		F28CCD3D1C107874007426A5 /* Build configuration list for PBXProject "lesson-test-oc" */ = {
			isa = XCConfigurationList;
			buildConfigurations = (
				F28CCD471C107874007426A5 /* Debug */,
				F28CCD481C107874007426A5 /* Release */,
			);
			defaultConfigurationIsVisible = 0;
			defaultConfigurationName = Release;
		};
		F28CCD491C107874007426A5 /* Build configuration list for PBXNativeTarget "lesson-test-oc" */ = {
			isa = XCConfigurationList;
			buildConfigurations = (
				F28CCD4A1C107874007426A5 /* Debug */,
				F28CCD4B1C107874007426A5 /* Release */,
			);
			defaultConfigurationIsVisible = 0;
		};
/* End XCConfigurationList section */
	};
	rootObject = F28CCD3A1C107874007426A5 /* Project object */;
}
